
Microsoft Visual Studio Solution File, Format Version 12.00
# Visual Studio 15
VisualStudioVersion = 15.0.27130.2010
MinimumVisualStudioVersion = 10.0.40219.1
Project("{FAE04EC0-301F-11D3-BF4B-00C04F79EFBC}") = "MVVMStarterDemoB", "MVVMStarterDemoB\MVVMStarterDemoB.csproj", "{4D9B18CA-FF38-460C-BD2B-4CEFFCE66D28}"
EndProject
Project("{FAE04EC0-301F-11D3-BF4B-00C04F79EFBC}") = "WebServiceServer", "WebServiceServer\WebServiceServer.csproj", "{583B5015-12D5-4A16-AC39-4D6B975DE8C1}"
EndProject
Global
	GlobalSection(SolutionConfigurationPlatforms) = preSolution
		Debug|Any CPU = Debug|Any CPU
		Debug|ARM = Debug|ARM
		Debug|x64 = Debug|x64
		Debug|x86 = Debug|x86
		Release|Any CPU = Release|Any CPU
		Release|ARM = Release|ARM
		Release|x64 = Release|x64
		Release|x86 = Release|x86
	EndGlobalSection
	GlobalSection(ProjectConfigurationPlatforms) = postSolution
		{4D9B18CA-FF38-460C-BD2B-4CEFFCE66D28}.Debug|Any CPU.ActiveCfg = Debug|x86
		{4D9B18CA-FF38-460C-BD2B-4CEFFCE66D28}.Debug|Any CPU.Build.0 = Debug|x86
		{4D9B18CA-FF38-460C-BD2B-4CEFFCE66D28}.Debug|Any CPU.Deploy.0 = Debug|x86
		{4D9B18CA-FF38-460C-BD2B-4CEFFCE66D28}.Debug|ARM.ActiveCfg = Debug|ARM
		{4D9B18CA-FF38-460C-BD2B-4CEFFCE66D28}.Debug|ARM.Build.0 = Debug|ARM
		{4D9B18CA-FF38-460C-BD2B-4CEFFCE66D28}.Debug|ARM.Deploy.0 = Debug|ARM
		{4D9B18CA-FF38-460C-BD2B-4CEFFCE66D28}.Debug|x64.ActiveCfg = Debug|x64
		{4D9B18CA-FF38-460C-BD2B-4CEFFCE66D28}.Debug|x64.Build.0 = Debug|x64
		{4D9B18CA-FF38-460C-BD2B-4CEFFCE66D28}.Debug|x64.Deploy.0 = Debug|x64
		{4D9B18CA-FF38-460C-BD2B-4CEFFCE66D28}.Debug|x86.ActiveCfg = Debug|x86
		{4D9B18CA-FF38-460C-BD2B-4CEFFCE66D28}.Debug|x86.Build.0 = Debug|x86
		{4D9B18CA-FF38-460C-BD2B-4CEFFCE66D28}.Debug|x86.Deploy.0 = Debug|x86
		{4D9B18CA-FF38-460C-BD2B-4CEFFCE66D28}.Release|Any CPU.ActiveCfg = Release|x86
		{4D9B18CA-FF38-460C-BD2B-4CEFFCE66D28}.Release|ARM.ActiveCfg = Release|ARM
		{4D9B18CA-FF38-460C-BD2B-4CEFFCE66D28}.Release|ARM.Build.0 = Release|ARM
		{4D9B18CA-FF38-460C-BD2B-4CEFFCE66D28}.Release|ARM.Deploy.0 = Release|ARM
		{4D9B18CA-FF38-460C-BD2B-4CEFFCE66D28}.Release|x64.ActiveCfg = Release|x64
		{4D9B18CA-FF38-460C-BD2B-4CEFFCE66D28}.Release|x64.Build.0 = Release|x64
		{4D9B18CA-FF38-460C-BD2B-4CEFFCE66D28}.Release|x64.Deploy.0 = Release|x64
		{4D9B18CA-FF38-460C-BD2B-4CEFFCE66D28}.Release|x86.ActiveCfg = Release|x86
		{4D9B18CA-FF38-460C-BD2B-4CEFFCE66D28}.Release|x86.Build.0 = Release|x86
		{4D9B18CA-FF38-460C-BD2B-4CEFFCE66D28}.Release|x86.Deploy.0 = Release|x86
		{583B5015-12D5-4A16-AC39-4D6B975DE8C1}.Debug|Any CPU.ActiveCfg = Debug|Any CPU
		{583B5015-12D5-4A16-AC39-4D6B975DE8C1}.Debug|Any CPU.Build.0 = Debug|Any CPU
		{583B5015-12D5-4A16-AC39-4D6B975DE8C1}.Debug|ARM.ActiveCfg = Debug|Any CPU
		{583B5015-12D5-4A16-AC39-4D6B975DE8C1}.Debug|ARM.Build.0 = Debug|Any CPU
		{583B5015-12D5-4A16-AC39-4D6B975DE8C1}.Debug|x64.ActiveCfg = Debug|Any CPU
		{583B5015-12D5-4A16-AC39-4D6B975DE8C1}.Debug|x64.Build.0 = Debug|Any CPU
		{583B5015-12D5-4A16-AC39-4D6B975DE8C1}.Debug|x86.ActiveCfg = Debug|Any CPU
		{583B5015-12D5-4A16-AC39-4D6B975DE8C1}.Debug|x86.Build.0 = Debug|Any CPU
		{583B5015-12D5-4A16-AC39-4D6B975DE8C1}.Release|Any CPU.ActiveCfg = Release|Any CPU
		{583B5015-12D5-4A16-AC39-4D6B975DE8C1}.Release|Any CPU.Build.0 = Release|Any CPU
		{583B5015-12D5-4A16-AC39-4D6B975DE8C1}.Release|ARM.ActiveCfg = Release|Any CPU
		{583B5015-12D5-4A16-AC39-4D6B975DE8C1}.Release|ARM.Build.0 = Release|Any CPU
		{583B5015-12D5-4A16-AC39-4D6B975DE8C1}.Release|x64.ActiveCfg = Release|Any CPU
		{583B5015-12D5-4A16-AC39-4D6B975DE8C1}.Release|x64.Build.0 = Release|Any CPU
		{583B5015-12D5-4A16-AC39-4D6B975DE8C1}.Release|x86.ActiveCfg = Release|Any CPU
		{583B5015-12D5-4A16-AC39-4D6B975DE8C1}.Release|x86.Build.0 = Release|Any CPU
	EndGlobalSection
	GlobalSection(SolutionProperties) = preSolution
		HideSolutionNode = FALSE
	EndGlobalSection
	GlobalSection(ExtensibilityGlobals) = postSolution
		SolutionGuid = {B7AF80F9-3EF0-40A3-BC0A-B35BBB25B429}
	EndGlobalSection
EndGlobal
